
Microsoft Visual Studio Solution File, Format Version 10.00
# Visual C# Express 2008
Project("{FAE04EC0-301F-11D3-BF4B-00C04F79EFBC}") = "Job04", "Job04\Job04.csproj", "{768A6C13-2EDA-424C-925A-2FB1B29022D1}"
EndProject
Global
	GlobalSection(SolutionConfigurationPlatforms) = preSolution
		Debug|Any CPU = Debug|Any CPU
		Release|Any CPU = Release|Any CPU
	EndGlobalSection
	GlobalSection(ProjectConfigurationPlatforms) = postSolution
		{768A6C13-2EDA-424C-925A-2FB1B29022D1}.Debug|Any CPU.ActiveCfg = Debug|Any CPU
		{768A6C13-2EDA-424C-925A-2FB1B29022D1}.Debug|Any CPU.Build.0 = Debug|Any CPU
		{768A6C13-2EDA-424C-925A-2FB1B29022D1}.Release|Any CPU.ActiveCfg = Release|Any CPU
		{768A6C13-2EDA-424C-925A-2FB1B29022D1}.Release|Any CPU.Build.0 = Release|Any CPU
	EndGlobalSection
	GlobalSection(SolutionProperties) = preSolution
		HideSolutionNode = FALSE
	EndGlobalSection
EndGlobal
